lockfileVersion: '6.0'

settings:
  autoInstallPeers: true
  excludeLinksFromLockfile: false

dependencies:
  csv-parser:
    specifier: ^3.0.0
    version: 3.0.0

devDependencies:
  '@types/aws-lambda':
    specifier: ^8.10.137
    version: 8.10.137
  typescript:
    specifier: ^5.4.5
    version: 5.4.5

packages:

  /@types/aws-lambda@8.10.137:
    resolution: {integrity: sha512-YNFwzVarXAOXkjuFxONyDw1vgRNzyH8AuyN19s0bM+ChSu/bzxb5XPxYFLXoqoM+tvgzwR3k7fXcEOW125yJxg==}
    dev: true

  /csv-parser@3.0.0:
    resolution: {integrity: sha512-s6OYSXAK3IdKqYO33y09jhypG/bSDHPuyCme/IdEHfWpLf/jKcpitVFyOC6UemgGk8v7Q5u2XE0vvwmanxhGlQ==}
    engines: {node: '>= 10'}
    hasBin: true
    dependencies:
      minimist: 1.2.8
    dev: false

  /minimist@1.2.8:
    resolution: {integrity: sha512-2yyAR8qBkN3YuheJanUpWC5U3bb5osDywNB8RzDVlDwDHbocAJveqqj1u8+SVD7jkWT4yvsHCpWqqWqAxb0zCA==}
    dev: false

  /typescript@5.4.5:
    resolution: {integrity: sha512-vcI4UpRgg81oIRUFwR0WSIHKt11nJ7SAVlYNIu+QpqeyXP+gpQJy/Z4+F0aGxSE4MqwjyXvW/TzgkLAx2AGHwQ==}
    engines: {node: '>=14.17'}
    hasBin: true
    dev: true
